
Microsoft Visual Studio Solution File, Format Version 12.00
# Visual Studio 15
VisualStudioVersion = 15.0.33026.149
MinimumVisualStudioVersion = 10.0.40219.1
Project("{FAE04EC0-301F-11D3-BF4B-00C04F79EFBC}") = "CapaPresentacionAdmin", "CapaPresentacionAdmin\CapaPresentacionAdmin.csproj", "{7CF29C44-78E3-4E1F-B67E-9F411B7D0F5A}"
EndProject
Project("{FAE04EC0-301F-11D3-BF4B-00C04F79EFBC}") = "CapaPresentacionTienda", "CapaPresentacionTienda\CapaPresentacionTienda.csproj", "{91EE5D5A-DF21-4E26-B748-70AD26C81F51}"
EndProject
Global
	GlobalSection(SolutionConfigurationPlatforms) = preSolution
		Debug|Any CPU = Debug|Any CPU
		Release|Any CPU = Release|Any CPU
	EndGlobalSection
	GlobalSection(ProjectConfigurationPlatforms) = postSolution
		{7CF29C44-78E3-4E1F-B67E-9F411B7D0F5A}.Debug|Any CPU.ActiveCfg = Debug|Any CPU
		{7CF29C44-78E3-4E1F-B67E-9F411B7D0F5A}.Debug|Any CPU.Build.0 = Debug|Any CPU
		{7CF29C44-78E3-4E1F-B67E-9F411B7D0F5A}.Release|Any CPU.ActiveCfg = Release|Any CPU
		{7CF29C44-78E3-4E1F-B67E-9F411B7D0F5A}.Release|Any CPU.Build.0 = Release|Any CPU
		{91EE5D5A-DF21-4E26-B748-70AD26C81F51}.Debug|Any CPU.ActiveCfg = Debug|Any CPU
		{91EE5D5A-DF21-4E26-B748-70AD26C81F51}.Debug|Any CPU.Build.0 = Debug|Any CPU
		{91EE5D5A-DF21-4E26-B748-70AD26C81F51}.Release|Any CPU.ActiveCfg = Release|Any CPU
		{91EE5D5A-DF21-4E26-B748-70AD26C81F51}.Release|Any CPU.Build.0 = Release|Any CPU
	EndGlobalSection
	GlobalSection(SolutionProperties) = preSolution
		HideSolutionNode = FALSE
	EndGlobalSection
	GlobalSection(ExtensibilityGlobals) = postSolution
		SolutionGuid = {FF499D96-9C04-49EE-8226-6C479B237142}
	EndGlobalSection
EndGlobal
